<?xml version="1.0" encoding="utf-8"?>
<Project ToolsVersion="4.0" xmlns="http://schemas.microsoft.com/developer/msbuild/2003">
  <ItemGroup>
    <Filter Include="Source Files">
      <UniqueIdentifier>{4FC737F1-C7A5-4376-A066-2A32D752A2FF}</UniqueIdentifier>
      <Extensions>cpp;c;cc;cxx;def;odl;idl;hpj;bat;asm;asmx</Extensions>
    </Filter>
    <Filter Include="Header Files">
      <UniqueIdentifier>{93995380-89BD-4b04-88EB-625FBE52EBFB}</UniqueIdentifier>
      <Extensions>h;hh;hpp;hxx;hm;inl;inc;xsd</Extensions>
    </Filter>
    <Filter Include="Resource Files">
      <UniqueIdentifier>{67DA6AB6-F800-4c08-8B7A-83BB121AAD01}</UniqueIdentifier>
      <Extensions>rc;ico;cur;bmp;dlg;rc2;rct;bin;rgs;gif;jpg;jpeg;jpe;resx;tiff;tif;png;wav;mfcribbon-ms</Extensions>
    </Filter>
    <Filter Include="Header Files\Component">
      <UniqueIdentifier>{87f9ba6a-941e-4afc-8748-0d1b0cfb89cb}</UniqueIdentifier>
    </Filter>
    <Filter Include="Source Files\Component">
      <UniqueIdentifier>{9f0dc45a-cf04-415c-9ca6-f378b79ca948}</UniqueIdentifier>
    </Filter>
    <Filter Include="Header Files\System">
      <UniqueIdentifier>{c8e34dbf-d367-4356-8428-b7f1e40267a0}</UniqueIdentifier>
    </Filter>
    <Filter Include="Source Files\System">
      <UniqueIdentifier>{8894cd2a-1954-4350-be1a-ffda5b364bcf}</UniqueIdentifier>
    </Filter>
    <Filter Include="Header Files\TileLevelSystem">
      <UniqueIdentifier>{77166379-1009-4532-86e7-f56285358050}</UniqueIdentifier>
    </Filter>
    <Filter Include="Header Files\LuaHeaders">
      <UniqueIdentifier>{9df6210f-c694-4667-ac9f-d85f4d294741}</UniqueIdentifier>
    </Filter>
    <Filter Include="Source Files\TileLevelSystem">
      <UniqueIdentifier>{6467da85-ea55-4792-9b6b-aad009ae599c}</UniqueIdentifier>
    </Filter>
    <Filter Include="Header Files\3rdParty">
      <UniqueIdentifier>{491588f9-1951-4165-a7e6-2c4f2e63cb6b}</UniqueIdentifier>
    </Filter>
    <Filter Include="Header Files\Window State">
      <UniqueIdentifier>{afae23ba-c9d3-42b2-b601-220239367a85}</UniqueIdentifier>
    </Filter>
    <Filter Include="Source Files\Window State">
      <UniqueIdentifier>{c205578d-a450-4c39-9483-96d903e18e88}</UniqueIdentifier>
    </Filter>
    <Filter Include="Header Files\Event">
      <UniqueIdentifier>{2f14d666-0f66-4e81-9e40-5e0259d183ff}</UniqueIdentifier>
    </Filter>
    <Filter Include="Source Files\Event">
      <UniqueIdentifier>{cd4cc9cf-96c2-48a7-886c-b139be1f6b8b}</UniqueIdentifier>
    </Filter>
    <Filter Include="Header Files\GuiComponent">
      <UniqueIdentifier>{60b53f3a-58ef-416d-adb5-dd94904c7f0f}</UniqueIdentifier>
    </Filter>
    <Filter Include="Source Files\GuiComponent">
      <UniqueIdentifier>{2ac1c238-a739-4889-ae40-30a524dbea75}</UniqueIdentifier>
    </Filter>
    <Filter Include="Header Files\Action">
      <UniqueIdentifier>{ce34e446-2d33-4e0f-9f4c-89f3c39d3516}</UniqueIdentifier>
    </Filter>
    <Filter Include="Source Files\Action">
      <UniqueIdentifier>{e13f14f6-e930-4552-88b0-ecbfccba1e7a}</UniqueIdentifier>
    </Filter>
    <Filter Include="Header Files\GridMap">
      <UniqueIdentifier>{b901487c-4731-4d10-9ab7-92c283293e69}</UniqueIdentifier>
    </Filter>
    <Filter Include="Source Files\GridMap">
      <UniqueIdentifier>{68f7445e-7e94-4bec-b0d1-c57d702cd34d}</UniqueIdentifier>
    </Filter>
    <Filter Include="Header Files\StateEvent">
      <UniqueIdentifier>{d5ac29cc-5b5e-4852-aeea-aa01540ecbf3}</UniqueIdentifier>
    </Filter>
    <Filter Include="Source Files\StateEvent">
      <UniqueIdentifier>{31f4fa86-e1e3-4207-a294-cdc1d70b2bbc}</UniqueIdentifier>
    </Filter>
    <Filter Include="Header Files\BuildingProcess">
      <UniqueIdentifier>{87d30104-a06d-46b0-80c7-99cf73a9018c}</UniqueIdentifier>
    </Filter>
    <Filter Include="Source Files\BuildingProcess">
      <UniqueIdentifier>{4c807956-b783-4369-b969-6fa72b2649cb}</UniqueIdentifier>
    </Filter>
  </ItemGroup>
  <ItemGroup>
    <ClCompile Include="Main.cpp">
      <Filter>Source Files</Filter>
    </ClCompile>
    <ClCompile Include="Utility.cpp">
      <Filter>Source Files</Filter>
    </ClCompile>
    <ClCompile Include="RotatedRect.cpp">
      <Filter>Source Files</Filter>
    </ClCompile>
    <ClCompile Include="GeneralData.cpp">
      <Filter>Source Files</Filter>
    </ClCompile>
    <ClCompile Include="Entity.cpp">
      <Filter>Source Files</Filter>
    </ClCompile>
    <ClCompile Include="TextureStringManager.cpp">
      <Filter>Source Files</Filter>
    </ClCompile>
    <ClCompile Include="Animation.cpp">
      <Filter>Source Files\Component</Filter>
    </ClCompile>
    <ClCompile Include="AnimationComponent.cpp">
      <Filter>Source Files\Component</Filter>
    </ClCompile>
    <ClCompile Include="BoxCollisionComponent.cpp">
      <Filter>Source Files\Component</Filter>
    </ClCompile>
    <ClCompile Include="CategoryComponent.cpp">
      <Filter>Source Files\Component</Filter>
    </ClCompile>
    <ClCompile Include="Component.cpp">
      <Filter>Source Files\Component</Filter>
    </ClCompile>
    <ClCompile Include="DestroyableComponent.cpp">
      <Filter>Source Files\Component</Filter>
    </ClCompile>
    <ClCompile Include="EntityChildrenComponent.cpp">
      <Filter>Source Files\Component</Filter>
    </ClCompile>
    <ClCompile Include="EntityExpertiseComponent.cpp">
      <Filter>Source Files\Component</Filter>
    </ClCompile>
    <ClCompile Include="EntityParentComponent.cpp">
      <Filter>Source Files\Component</Filter>
    </ClCompile>
    <ClCompile Include="HealthComponent.cpp">
      <Filter>Source Files\Component</Filter>
    </ClCompile>
    <ClCompile Include="SpriteComponent.cpp">
      <Filter>Source Files\Component</Filter>
    </ClCompile>
    <ClCompile Include="TextDisplayComponent.cpp">
      <Filter>Source Files\Component</Filter>
    </ClCompile>
    <ClCompile Include="TimerComponent.cpp">
      <Filter>Source Files\Component</Filter>
    </ClCompile>
    <ClCompile Include="TransformableComponent.cpp">
      <Filter>Source Files\Component</Filter>
    </ClCompile>
    <ClCompile Include="VelocityComponent.cpp">
      <Filter>Source Files\Component</Filter>
    </ClCompile>
    <ClCompile Include="VertexNodeComponent.cpp">
      <Filter>Source Files\Component</Filter>
    </ClCompile>
    <ClCompile Include="CollisionComponent.cpp">
      <Filter>Source Files\Component</Filter>
    </ClCompile>
    <ClCompile Include="TiledMapSystem.cpp">
      <Filter>Source Files</Filter>
    </ClCompile>
    <ClCompile Include="ScriptUpdateComponent.cpp">
      <Filter>Source Files\Component</Filter>
    </ClCompile>
    <ClCompile Include="BaseSystem.cpp">
      <Filter>Source Files\System</Filter>
    </ClCompile>
    <ClCompile Include="DualEntitySystem.cpp">
      <Filter>Source Files\System</Filter>
    </ClCompile>
    <ClCompile Include="System.cpp">
      <Filter>Source Files\System</Filter>
    </ClCompile>
    <ClCompile Include="SystemManager.cpp">
      <Filter>Source Files\System</Filter>
    </ClCompile>
    <ClCompile Include="SingleEntitySystem.cpp">
      <Filter>Source Files\System</Filter>
    </ClCompile>
    <ClCompile Include="C:\tinyxml2-master\tinyxml2.cpp">
      <Filter>Source Files\TileLevelSystem</Filter>
    </ClCompile>
    <ClCompile Include="C:\libtmx-parser-master\src\tmxparser.cpp">
      <Filter>Source Files\TileLevelSystem</Filter>
    </ClCompile>
    <ClCompile Include="EntityManager.cpp">
      <Filter>Source Files</Filter>
    </ClCompile>
    <ClCompile Include="GameState.cpp">
      <Filter>Source Files\Window State</Filter>
    </ClCompile>
    <ClCompile Include="MenuState.cpp">
      <Filter>Source Files\Window State</Filter>
    </ClCompile>
    <ClCompile Include="State.cpp">
      <Filter>Source Files\Window State</Filter>
    </ClCompile>
    <ClCompile Include="StateStack.cpp">
      <Filter>Source Files\Window State</Filter>
    </ClCompile>
    <ClCompile Include="Game.cpp">
      <Filter>Source Files\Window State</Filter>
    </ClCompile>
    <ClCompile Include="Application.cpp">
      <Filter>Source Files\Window State</Filter>
    </ClCompile>
    <ClCompile Include="LoadingState.cpp">
      <Filter>Source Files\Window State</Filter>
    </ClCompile>
    <ClCompile Include="LoadingTask.cpp">
      <Filter>Source Files\Window State</Filter>
    </ClCompile>
    <ClCompile Include="ComponentArranger.cpp">
      <Filter>Source Files\Component</Filter>
    </ClCompile>
    <ClCompile Include="RotatedBoxCollisionComponent.cpp">
      <Filter>Source Files\Component</Filter>
    </ClCompile>
    <ClCompile Include="BaseEvent.cpp">
      <Filter>Source Files\Event</Filter>
    </ClCompile>
    <ClCompile Include="EventManager.cpp">
      <Filter>Source Files\Event</Filter>
    </ClCompile>
    <ClCompile Include="Event.cpp">
      <Filter>Source Files\Event</Filter>
    </ClCompile>
    <ClCompile Include="PrintEvent.cpp">
      <Filter>Source Files\Event</Filter>
    </ClCompile>
    <ClCompile Include="PauseState.cpp">
      <Filter>Source Files\Window State</Filter>
    </ClCompile>
    <ClCompile Include="MovementSystem.cpp">
      <Filter>Source Files\System</Filter>
    </ClCompile>
    <ClCompile Include="RenderingSpriteSystem.cpp">
      <Filter>Source Files\System</Filter>
    </ClCompile>
    <ClCompile Include="PlayerComponent.cpp">
      <Filter>Source Files\Component</Filter>
    </ClCompile>
    <ClCompile Include="PlayerSystem.cpp">
      <Filter>Source Files\System</Filter>
    </ClCompile>
    <ClCompile Include="BoxToBoxHandlerSystem.cpp">
      <Filter>Source Files\System</Filter>
    </ClCompile>
    <ClCompile Include="GuiManager.cpp">
      <Filter>Source Files\GuiComponent</Filter>
    </ClCompile>
    <ClCompile Include="BaseGuiComponent.cpp">
      <Filter>Source Files\GuiComponent</Filter>
    </ClCompile>
    <ClCompile Include="BaseAction.cpp">
      <Filter>Source Files\Action</Filter>
    </ClCompile>
    <ClCompile Include="GuiButton.cpp">
      <Filter>Source Files\GuiComponent</Filter>
    </ClCompile>
    <ClCompile Include="GuiGameState.cpp">
      <Filter>Source Files\Window State</Filter>
    </ClCompile>
    <ClCompile Include="AutomaticPathComponent.cpp">
      <Filter>Source Files\Component</Filter>
    </ClCompile>
    <ClCompile Include="AutomaticMovementSystem.cpp">
      <Filter>Source Files\System</Filter>
    </ClCompile>
    <ClCompile Include="AStarPathFinder.cpp">
      <Filter>Source Files\GridMap</Filter>
    </ClCompile>
    <ClCompile Include="GridMap.cpp">
      <Filter>Source Files\GridMap</Filter>
    </ClCompile>
    <ClCompile Include="WaveEntitySpawner.cpp">
      <Filter>Source Files</Filter>
    </ClCompile>
    <ClCompile Include="TowerComponent.cpp">
      <Filter>Source Files\Component</Filter>
    </ClCompile>
    <ClCompile Include="Camera.cpp">
      <Filter>Source Files</Filter>
    </ClCompile>
    <ClCompile Include="DefenseComponent.cpp">
      <Filter>Source Files\Component</Filter>
    </ClCompile>
    <ClCompile Include="DamageSystem.cpp">
      <Filter>Source Files\System</Filter>
    </ClCompile>
    <ClCompile Include="TowerBuildingData.cpp">
      <Filter>Source Files\Component</Filter>
    </ClCompile>
    <ClCompile Include="PlayerStatus.cpp">
      <Filter>Source Files</Filter>
    </ClCompile>
    <ClCompile Include="ActionMouseSpawnTowerEntity.cpp">
      <Filter>Source Files\Action</Filter>
    </ClCompile>
    <ClCompile Include="GuiFlipableContainer.cpp">
      <Filter>Source Files\GuiComponent</Filter>
    </ClCompile>
    <ClCompile Include="ClickEntitySystem.cpp">
      <Filter>Source Files\System</Filter>
    </ClCompile>
    <ClCompile Include="EntityClickedEvent.cpp">
      <Filter>Source Files\Event</Filter>
    </ClCompile>
    <ClCompile Include="SpawnBuildingEntityStateEvent.cpp">
      <Filter>Source Files\StateEvent</Filter>
    </ClCompile>
    <ClCompile Include="StandardStateEvent.cpp">
      <Filter>Source Files\StateEvent</Filter>
    </ClCompile>
    <ClCompile Include="StateEventManager.cpp">
      <Filter>Source Files\StateEvent</Filter>
    </ClCompile>
    <ClCompile Include="BaseStateEvent.cpp">
      <Filter>Source Files\StateEvent</Filter>
    </ClCompile>
    <ClCompile Include="BaseProcessBuilding.cpp">
      <Filter>Source Files\BuildingProcess</Filter>
    </ClCompile>
    <ClCompile Include="SteeringBehavior.cpp">
      <Filter>Source Files</Filter>
    </ClCompile>
    <ClCompile Include="ProcessBuildBuilding.cpp">
      <Filter>Source Files\BuildingProcess</Filter>
    </ClCompile>
    <ClCompile Include="ActionUpgradeTowerEntity.cpp">
      <Filter>Source Files\Action</Filter>
    </ClCompile>
    <ClCompile Include="FourTree.cpp">
      <Filter>Source Files</Filter>
    </ClCompile>
    <ClCompile Include="EntityDetectorComponent.cpp">
      <Filter>Source Files\Component</Filter>
    </ClCompile>
    <ClCompile Include="GridEntityDetectorComponent.cpp">
      <Filter>Source Files\Component</Filter>
    </ClCompile>
    <ClCompile Include="CircleEntityDetectorComponent.cpp">
      <Filter>Source Files\Component</Filter>
    </ClCompile>
    <ClCompile Include="RectEntityDetectorComponent.cpp">
      <Filter>Source Files\Component</Filter>
    </ClCompile>
    <ClCompile Include="EntityDetectorSystem.cpp">
      <Filter>Source Files\System</Filter>
    </ClCompile>
    <ClCompile Include="EntityBuildingSystem.cpp">
      <Filter>Source Files</Filter>
    </ClCompile>
    <ClCompile Include="ProcessUpgradeBuilding.cpp">
      <Filter>Source Files\BuildingProcess</Filter>
    </ClCompile>
    <ClCompile Include="ControlEntityStateEvent.cpp">
      <Filter>Source Files\StateEvent</Filter>
    </ClCompile>
    <ClCompile Include="Body2dComponent.cpp">
      <Filter>Source Files\Component</Filter>
    </ClCompile>
    <ClCompile Include="SfDebugB2Draw.cpp">
      <Filter>Source Files</Filter>
    </ClCompile>
    <ClCompile Include="EngineContactListener.cpp">
      <Filter>Source Files</Filter>
    </ClCompile>
    <ClCompile Include="DashStateEvent.cpp">
      <Filter>Source Files\StateEvent</Filter>
    </ClCompile>
    <ClCompile Include="ToolComponent.cpp">
      <Filter>Source Files</Filter>
    </ClCompile>
    <ClCompile Include="ObstacleComponent.cpp">
      <Filter>Source Files\Component</Filter>
    </ClCompile>
    <ClCompile Include="ShootingStateEvent.cpp">
      <Filter>Source Files\StateEvent</Filter>
    </ClCompile>
    <ClCompile Include="ObstacleSystem.cpp">
      <Filter>Source Files</Filter>
    </ClCompile>
    <ClCompile Include="AoeShootingStateEvent.cpp">
      <Filter>Source Files</Filter>
    </ClCompile>
    <ClCompile Include="PreEntityChildSystem.cpp">
      <Filter>Source Files</Filter>
    </ClCompile>
    <ClCompile Include="Box2DWorldSystem.cpp">
      <Filter>Source Files</Filter>
    </ClCompile>
    <ClCompile Include="WipeStateEvent.cpp">
      <Filter>Source Files</Filter>
    </ClCompile>
    <ClCompile Include="AutoBody2dMovementComponent.cpp">
      <Filter>Source Files</Filter>
    </ClCompile>
    <ClCompile Include="AutoBody2dMovementSystem.cpp">
      <Filter>Source Files</Filter>
    </ClCompile>
  </ItemGroup>
  <ItemGroup>
    <ClInclude Include="Utility.h">
      <Filter>Header Files</Filter>
    </ClInclude>
    <ClInclude Include="RotatedRect.h">
      <Filter>Header Files</Filter>
    </ClInclude>
    <ClInclude Include="GeneralData.h">
      <Filter>Header Files</Filter>
    </ClInclude>
    <ClInclude Include="Entity.h">
      <Filter>Header Files</Filter>
    </ClInclude>
    <ClInclude Include="TextureStringManager.h">
      <Filter>Header Files</Filter>
    </ClInclude>
    <ClInclude Include="AnimationComponent.h">
      <Filter>Header Files\Component</Filter>
    </ClInclude>
    <ClInclude Include="CategoryComponent.h">
      <Filter>Header Files\Component</Filter>
    </ClInclude>
    <ClInclude Include="EntityChildrenComponent.h">
      <Filter>Header Files\Component</Filter>
    </ClInclude>
    <ClInclude Include="EntityExpertiseComponent.h">
      <Filter>Header Files\Component</Filter>
    </ClInclude>
    <ClInclude Include="EntityParentComponent.h">
      <Filter>Header Files\Component</Filter>
    </ClInclude>
    <ClInclude Include="DestroyableComponent.h">
      <Filter>Header Files\Component</Filter>
    </ClInclude>
    <ClInclude Include="Component.h">
      <Filter>Header Files\Component</Filter>
    </ClInclude>
    <ClInclude Include="ComponentIdentifier.h">
      <Filter>Header Files\Component</Filter>
    </ClInclude>
    <ClInclude Include="BoxCollisionComponent.h">
      <Filter>Header Files\Component</Filter>
    </ClInclude>
    <ClInclude Include="HealthComponent.h">
      <Filter>Header Files\Component</Filter>
    </ClInclude>
    <ClInclude Include="SpriteComponent.h">
      <Filter>Header Files\Component</Filter>
    </ClInclude>
    <ClInclude Include="TextDisplayComponent.h">
      <Filter>Header Files\Component</Filter>
    </ClInclude>
    <ClInclude Include="TimerComponent.h">
      <Filter>Header Files\Component</Filter>
    </ClInclude>
    <ClInclude Include="TransformableComponent.h">
      <Filter>Header Files\Component</Filter>
    </ClInclude>
    <ClInclude Include="VelocityComponent.h">
      <Filter>Header Files\Component</Filter>
    </ClInclude>
    <ClInclude Include="VertexNodeComponent.h">
      <Filter>Header Files\Component</Filter>
    </ClInclude>
    <ClInclude Include="Animation.h">
      <Filter>Header Files\Component</Filter>
    </ClInclude>
    <ClInclude Include="CollisionComponent.h">
      <Filter>Header Files\Component</Filter>
    </ClInclude>
    <ClInclude Include="TiledMapSystem.h">
      <Filter>Header Files</Filter>
    </ClInclude>
    <ClInclude Include="ResourceHolder.h">
      <Filter>Header Files</Filter>
    </ClInclude>
    <ClInclude Include="ResourceHolderType.h">
      <Filter>Header Files</Filter>
    </ClInclude>
    <ClInclude Include="Constant.h">
      <Filter>Header Files</Filter>
    </ClInclude>
    <ClInclude Include="ScriptUpdateComponent.h">
      <Filter>Header Files\Component</Filter>
    </ClInclude>
    <ClInclude Include="DualEntitySystem.h">
      <Filter>Header Files\System</Filter>
    </ClInclude>
    <ClInclude Include="System.h">
      <Filter>Header Files\System</Filter>
    </ClInclude>
    <ClInclude Include="BaseSystem.h">
      <Filter>Header Files\System</Filter>
    </ClInclude>
    <ClInclude Include="SingleEntitySystem.h">
      <Filter>Header Files\System</Filter>
    </ClInclude>
    <ClInclude Include="SystemManager.h">
      <Filter>Header Files\System</Filter>
    </ClInclude>
    <ClInclude Include="C:\tinyxml2-master\tinyxml2.h">
      <Filter>Header Files\TileLevelSystem</Filter>
    </ClInclude>
    <ClInclude Include="C:\libtmx-parser-master\src\tmxparser.h">
      <Filter>Header Files\TileLevelSystem</Filter>
    </ClInclude>
    <ClInclude Include="C:\LuaBridge-master\Source\LuaBridge\LuaBridge.h">
      <Filter>Header Files\LuaHeaders</Filter>
    </ClInclude>
    <ClInclude Include="EntityManager.h">
      <Filter>Header Files</Filter>
    </ClInclude>
    <ClInclude Include="C:\entityx-1.2.0\entityx\3rdparty\simplesignal.h">
      <Filter>Header Files\3rdParty</Filter>
    </ClInclude>
    <ClInclude Include="GameState.h">
      <Filter>Header Files\Window State</Filter>
    </ClInclude>
    <ClInclude Include="Game.h">
      <Filter>Header Files\Window State</Filter>
    </ClInclude>
    <ClInclude Include="MenuState.h">
      <Filter>Header Files\Window State</Filter>
    </ClInclude>
    <ClInclude Include="State.h">
      <Filter>Header Files\Window State</Filter>
    </ClInclude>
    <ClInclude Include="StateStack.h">
      <Filter>Header Files\Window State</Filter>
    </ClInclude>
    <ClInclude Include="StateIdentifier.h">
      <Filter>Header Files\Window State</Filter>
    </ClInclude>
    <ClInclude Include="Application.h">
      <Filter>Header Files\Window State</Filter>
    </ClInclude>
    <ClInclude Include="LoadingState.h">
      <Filter>Header Files\Window State</Filter>
    </ClInclude>
    <ClInclude Include="LoadingTask.h">
      <Filter>Header Files\Window State</Filter>
    </ClInclude>
    <ClInclude Include="ComponentArranger.h">
      <Filter>Header Files\Component</Filter>
    </ClInclude>
    <ClInclude Include="RotatedBoxCollisionComponent.h">
      <Filter>Header Files\Component</Filter>
    </ClInclude>
    <ClInclude Include="Event.h">
      <Filter>Header Files\Event</Filter>
    </ClInclude>
    <ClInclude Include="EventManager.h">
      <Filter>Header Files\Event</Filter>
    </ClInclude>
    <ClInclude Include="BaseEvent.h">
      <Filter>Header Files\Event</Filter>
    </ClInclude>
    <ClInclude Include="PrintEvent.h">
      <Filter>Header Files\Event</Filter>
    </ClInclude>
    <ClInclude Include="PauseState.h">
      <Filter>Header Files\Window State</Filter>
    </ClInclude>
    <ClInclude Include="MovementSystem.h">
      <Filter>Header Files\System</Filter>
    </ClInclude>
    <ClInclude Include="RenderingSpriteSystem.h">
      <Filter>Header Files\System</Filter>
    </ClInclude>
    <ClInclude Include="PlayerComponent.h">
      <Filter>Header Files\Component</Filter>
    </ClInclude>
    <ClInclude Include="PlayerSystem.h">
      <Filter>Header Files\System</Filter>
    </ClInclude>
    <ClInclude Include="BoxToBoxHandlerSystem.h">
      <Filter>Header Files\System</Filter>
    </ClInclude>
    <ClInclude Include="BaseGuiComponent.h">
      <Filter>Header Files\GuiComponent</Filter>
    </ClInclude>
    <ClInclude Include="GuiManager.h">
      <Filter>Header Files\GuiComponent</Filter>
    </ClInclude>
    <ClInclude Include="GuiButton.h">
      <Filter>Header Files\GuiComponent</Filter>
    </ClInclude>
    <ClInclude Include="BaseAction.h">
      <Filter>Header Files\Action</Filter>
    </ClInclude>
    <ClInclude Include="GuiGameState.h">
      <Filter>Header Files\Window State</Filter>
    </ClInclude>
    <ClInclude Include="ObjectsType.h">
      <Filter>Header Files</Filter>
    </ClInclude>
    <ClInclude Include="AutomaticPathComponent.h">
      <Filter>Header Files\Component</Filter>
    </ClInclude>
    <ClInclude Include="MovingNode.h">
      <Filter>Header Files</Filter>
    </ClInclude>
    <ClInclude Include="AutomaticMovementSystem.h">
      <Filter>Header Files\System</Filter>
    </ClInclude>
    <ClInclude Include="AllSystemsHeader.h">
      <Filter>Header Files\System</Filter>
    </ClInclude>
    <ClInclude Include="AllEntityComponentsHeader.h">
      <Filter>Header Files\Component</Filter>
    </ClInclude>
    <ClInclude Include="GridMap.h">
      <Filter>Header Files\GridMap</Filter>
    </ClInclude>
    <ClInclude Include="GridNode.h">
      <Filter>Header Files\GridMap</Filter>
    </ClInclude>
    <ClInclude Include="AStarPathFinder.h">
      <Filter>Header Files\GridMap</Filter>
    </ClInclude>
    <ClInclude Include="WaveEntitySpawner.h">
      <Filter>Header Files</Filter>
    </ClInclude>
    <ClInclude Include="TowerComponent.h">
      <Filter>Header Files\Component</Filter>
    </ClInclude>
    <ClInclude Include="Camera.h">
      <Filter>Header Files</Filter>
    </ClInclude>
    <ClInclude Include="DefenseComponent.h">
      <Filter>Header Files\Component</Filter>
    </ClInclude>
    <ClInclude Include="DamageSystem.h">
      <Filter>Header Files\System</Filter>
    </ClInclude>
    <ClInclude Include="TowerBuildingData.h">
      <Filter>Header Files\Component</Filter>
    </ClInclude>
    <ClInclude Include="PlayerStatus.h">
      <Filter>Header Files</Filter>
    </ClInclude>
    <ClInclude Include="GuiFlipableContainer.h">
      <Filter>Header Files</Filter>
    </ClInclude>
    <ClInclude Include="ActionMouseSpawnTowerEntity.h">
      <Filter>Header Files\Action</Filter>
    </ClInclude>
    <ClInclude Include="ClickEntitySystem.h">
      <Filter>Header Files\System</Filter>
    </ClInclude>
    <ClInclude Include="EntityClickedEvent.h">
      <Filter>Header Files\Event</Filter>
    </ClInclude>
    <ClInclude Include="BaseStateEvent.h">
      <Filter>Header Files\StateEvent</Filter>
    </ClInclude>
    <ClInclude Include="StandardStateEvent.h">
      <Filter>Header Files\StateEvent</Filter>
    </ClInclude>
    <ClInclude Include="SpawnBuildingEntityStateEvent.h">
      <Filter>Header Files\StateEvent</Filter>
    </ClInclude>
    <ClInclude Include="StateEventManager.h">
      <Filter>Header Files\StateEvent</Filter>
    </ClInclude>
    <ClInclude Include="BaseProcessBuilding.h">
      <Filter>Header Files\BuildingProcess</Filter>
    </ClInclude>
    <ClInclude Include="SteeringBehavior.h">
      <Filter>Header Files</Filter>
    </ClInclude>
    <ClInclude Include="ProcessBuildBuilding.h">
      <Filter>Header Files\BuildingProcess</Filter>
    </ClInclude>
    <ClInclude Include="ActionUpgradeTowerEntity.h">
      <Filter>Header Files\Action</Filter>
    </ClInclude>
    <ClInclude Include="FourTree.h">
      <Filter>Header Files</Filter>
    </ClInclude>
    <ClInclude Include="EntityDetectorComponent.h">
      <Filter>Header Files\Component</Filter>
    </ClInclude>
    <ClInclude Include="GridEntityDetectorComponent.h">
      <Filter>Header Files\Component</Filter>
    </ClInclude>
    <ClInclude Include="RectEntityDetectorComponent.h">
      <Filter>Header Files\Component</Filter>
    </ClInclude>
    <ClInclude Include="CircleEntityDetectorComponent.h">
      <Filter>Header Files\Component</Filter>
    </ClInclude>
    <ClInclude Include="EntityDetectorSystem.h">
      <Filter>Header Files\System</Filter>
    </ClInclude>
    <ClInclude Include="EntityBuildingSystem.h">
      <Filter>Header Files</Filter>
    </ClInclude>
    <ClInclude Include="ProcessUpgradeBuilding.h">
      <Filter>Header Files\BuildingProcess</Filter>
    </ClInclude>
    <ClInclude Include="ControlEntityStateEvent.h">
      <Filter>Header Files\StateEvent</Filter>
    </ClInclude>
    <ClInclude Include="Body2dComponent.h">
      <Filter>Header Files\Component</Filter>
    </ClInclude>
    <ClInclude Include="SfDebugB2Draw.h">
      <Filter>Header Files</Filter>
    </ClInclude>
    <ClInclude Include="EngineContactListener.h">
      <Filter>Header Files</Filter>
    </ClInclude>
    <ClInclude Include="DashStateEvent.h">
      <Filter>Header Files\StateEvent</Filter>
    </ClInclude>
    <ClInclude Include="ToolComponent.h">
      <Filter>Header Files</Filter>
    </ClInclude>
    <ClInclude Include="ObstacleComponent.h">
      <Filter>Header Files\Component</Filter>
    </ClInclude>
    <ClInclude Include="ShootingStateEvent.h">
      <Filter>Header Files\StateEvent</Filter>
    </ClInclude>
    <ClInclude Include="ObstacleSystem.h">
      <Filter>Header Files</Filter>
    </ClInclude>
    <ClInclude Include="AoeShootingStateEvent.h">
      <Filter>Header Files</Filter>
    </ClInclude>
    <ClInclude Include="PreEntityChildSystem.h">
      <Filter>Header Files</Filter>
    </ClInclude>
    <ClInclude Include="Box2DWorldSystem.h">
      <Filter>Header Files</Filter>
    </ClInclude>
    <ClInclude Include="WipeStateEvent.h">
      <Filter>Header Files</Filter>
    </ClInclude>
    <ClInclude Include="AutoBody2dMovementComponent.h">
      <Filter>Header Files</Filter>
    </ClInclude>
    <ClInclude Include="AutoBody2dMovementSystem.h">
      <Filter>Header Files</Filter>
    </ClInclude>
  </ItemGroup>
</Project>