<?xml version="1.0" encoding="utf-8"?>
<Project ToolsVersion="4.0" xmlns="http://schemas.microsoft.com/developer/msbuild/2003">
  <ItemGroup>
    <ClCompile Include="Main.cpp" />
    <ClCompile Include="Component\Animation.cpp" />
    <ClCompile Include="Component\AnimationComponent.cpp" />
    <ClCompile Include="Component\AutoBody2dMovementComponent.cpp" />
    <ClCompile Include="Component\AutomaticPathComponent.cpp" />
    <ClCompile Include="StateEvent\BaseStateEvent.cpp" />
    <ClCompile Include="Event\BaseEvent.cpp" />
    <ClCompile Include="Component\Body2dComponent.cpp" />
    <ClCompile Include="System\Box2DWorldSystem.cpp" />
    <ClCompile Include="System\BaseSystem.cpp" />
    <ClCompile Include="Component\CategoryComponent.cpp" />
    <ClCompile Include="Component\ComponentArranger.cpp" />
    <ClCompile Include="Component\Component.cpp" />
    <ClCompile Include="Component\DestroyableComponent.cpp" />
    <ClCompile Include="Entity\Entity.cpp" />
    <ClCompile Include="Entity\EntityManager.cpp" />
    <ClCompile Include="Component\EntityChildrenComponent.cpp" />
    <ClCompile Include="System\DualEntitySystem.cpp" />
    <ClCompile Include="Component\EntityParentComponent.cpp" />
    <ClCompile Include="Event\EntityClickedEvent.cpp" />
    <ClCompile Include="Event\Event.cpp" />
    <ClCompile Include="Event\EventManager.cpp" />
    <ClCompile Include="WindowState\LoadingTask.cpp" />
    <ClCompile Include="WindowState\LoadingState.cpp" />
    <ClCompile Include="WindowState\GameState.cpp" />
    <ClCompile Include="System\SingleEntitySystem.cpp" />
    <ClCompile Include="GUI\BaseGuiComponent.cpp" />
    <ClCompile Include="GUI\GuiButton.cpp" />
    <ClCompile Include="GUI\GuiFlipableContainer.cpp" />
    <ClCompile Include="GUI\GuiManager.cpp" />
    <ClCompile Include="Component\SpriteComponent.cpp" />
    <ClCompile Include="Component\TextDisplayComponent.cpp" />
    <ClCompile Include="Component\TimerComponent.cpp" />
    <ClCompile Include="Component\VertexNodeComponent.cpp" />
    <ClCompile Include="Component\ObstacleComponent.cpp" />
    <ClCompile Include="Component\PlayerComponent.cpp" />
    <ClCompile Include="Component\HealthComponent.cpp" />
    <ClCompile Include="System\SystemManager.cpp" />
    <ClCompile Include="System\System.cpp" />
    <ClCompile Include="System\RenderingSpriteSystem.cpp" />
    <ClCompile Include="System\ObstacleSystem.cpp" />
    <ClCompile Include="WindowState\MenuState.cpp" />
    <ClCompile Include="WindowState\PauseState.cpp" />
    <ClCompile Include="WindowState\Game.cpp" />
    <ClCompile Include="WindowState\GeneralData.cpp" />
    <ClCompile Include="WindowState\GuiGameState.cpp" />
    <ClCompile Include="WindowState\State.cpp" />
    <ClCompile Include="WindowState\StateStack.cpp" />
    <ClCompile Include="StateEvent\StandardStateEvent.cpp" />
    <ClCompile Include="StateEvent\StateEventManager.cpp" />
    <ClCompile Include="Component\ScriptUpdateComponent.cpp" />
    <ClCompile Include="Helper\Utility.cpp" />
    <ClCompile Include="Event\PrintEvent.cpp" />
    <ClCompile Include="System\PlayerSystem.cpp" />
    <ClCompile Include="Resource\TextureStringManager.cpp" />
    <ClCompile Include="System\Camera.cpp" />
    <ClCompile Include="CustomBox2D\SfDebugB2Draw.cpp" />
    <ClCompile Include="CustomBox2D\EngineContactListener.cpp" />
    <ClCompile Include="System\AutoBody2dMovementSystem.cpp" />
    <ClCompile Include="System\AutomaticMovementSystem.cpp" />
    <ClCompile Include="GUI\GUIAction\BaseAction.cpp" />
    <ClCompile Include="Map\AStarPathFinder.cpp" />
    <ClCompile Include="Map\GridMap.cpp" />
    <ClCompile Include="Map\TiledMapSystem.cpp" />
    <ClCompile Include="Component\JumpComponent.cpp" />
    <ClCompile Include="System\ScriptUpdateSystem.cpp" />
    <ClCompile Include="Event\PlayerCollidesSolidEntityEvent.cpp" />
    <ClCompile Include="System\JumpSystem.cpp" />
    <ClCompile Include="StateEvent\Command\BaseStateEventCommand.cpp" />
    <ClCompile Include="Tile\TileSidesSensorGenerator.cpp" />
    <ClCompile Include="CustomBox2D\Fixture\BaseFixtureData.cpp" />
    <ClCompile Include="CustomBox2D\Fixture\FixtureData.cpp" />
    <ClCompile Include="CustomBox2D\Fixture\TileSideFixtureData.cpp" />
    <ClCompile Include="CustomBox2D\Fixture\PolygonFixtureData.cpp" />
    <ClCompile Include="Helper\Math.cpp" />
    <ClCompile Include="Component\RealTimeInputComponent.cpp" />
    <ClCompile Include="System\RealTimeInputSystem.cpp" />
    <ClCompile Include="..\..\..\tinyxml2-master\tinyxml2.cpp" />
    <ClCompile Include="..\..\..\libtmx-parser-master\src\tmxparser.cpp" />
    <ClCompile Include="Event\EntityCollidesEntityEvent.cpp" />
    <ClCompile Include="Component\AI\ScriptAIComponent.cpp" />
    <ClCompile Include="Component\AI\ScriptAIState.cpp" />
    <ClCompile Include="Component\AI\ScriptAITransition.cpp" />
    <ClCompile Include="GUI\CircleBar.cpp" />
    <ClCompile Include="GUI\MeterBar.cpp" />
    <ClCompile Include="Component\InstanceComponent.cpp" />
    <ClCompile Include="Audio\AudioManager.cpp" />
    <ClCompile Include="System\ScriptAISystem.cpp" />
    <ClCompile Include="Component\AI\SteeringBehavior.cpp" />
    <ClCompile Include="System\AnimationSystem.cpp" />
    <ClCompile Include="GUI\OrderSpriteBar.cpp" />
    <ClCompile Include="WindowState\GameOverState.cpp" />
    <ClCompile Include="System\ThorParticleSystem.cpp" />
    <ClCompile Include="Component\ParticleEmitterComponent.cpp" />
    <ClCompile Include="Helper\RayCast.cpp" />
    <ClCompile Include="Component\SpaceShipComponent.cpp" />
    <ClCompile Include="Component\PlanetSpawnComponent.cpp" />
    <ClCompile Include="System\PlanetSpawnSystem.cpp" />
    <ClCompile Include="Event\InvasionEvent.cpp" />
    <ClCompile Include="Application.cpp" />
    <ClCompile Include="Post_Effects\PostEffect.cpp" />
    <ClCompile Include="Post_Effects\BloomEffect.cpp" />
  </ItemGroup>
  <ItemGroup>
    <ClInclude Include="C:\entityx-1.2.0\entityx\3rdparty\simplesignal.h" />
    <ClInclude Include="C:\libtmx-parser-master\src\tmxparser.h" />
    <ClInclude Include="C:\LuaBridge-master\Source\LuaBridge\LuaBridge.h" />
    <ClInclude Include="C:\tinyxml2-master\tinyxml2.h" />
    <ClInclude Include="Component\AllEntityComponentsHeader.h" />
    <ClInclude Include="Component\Animation.h" />
    <ClInclude Include="Component\AnimationComponent.h" />
    <ClInclude Include="Component\AutoBody2dMovementComponent.h" />
    <ClInclude Include="Component\AutomaticPathComponent.h" />
    <ClInclude Include="Application.h" />
    <ClInclude Include="StateEvent\BaseStateEvent.h" />
    <ClInclude Include="Event\BaseEvent.h" />
    <ClInclude Include="Component\Body2dComponent.h" />
    <ClInclude Include="System\Box2DWorldSystem.h" />
    <ClInclude Include="System\BaseSystem.h" />
    <ClInclude Include="Component\CategoryComponent.h" />
    <ClInclude Include="Component\ComponentArranger.h" />
    <ClInclude Include="Component\Component.h" />
    <ClInclude Include="Component\ComponentIdentifier.h" />
    <ClInclude Include="Component\DestroyableComponent.h" />
    <ClInclude Include="Entity\Entity.h" />
    <ClInclude Include="Entity\EntityManager.h" />
    <ClInclude Include="Component\EntityChildrenComponent.h" />
    <ClInclude Include="System\DualEntitySystem.h" />
    <ClInclude Include="Component\EntityParentComponent.h" />
    <ClInclude Include="Event\EntityClickedEvent.h" />
    <ClInclude Include="Event\Event.h" />
    <ClInclude Include="Event\EventManager.h" />
    <ClInclude Include="WindowState\LoadingTask.h" />
    <ClInclude Include="WindowState\LoadingState.h" />
    <ClInclude Include="WindowState\GameState.h" />
    <ClInclude Include="System\SingleEntitySystem.h" />
    <ClInclude Include="GUI\BaseGuiComponent.h" />
    <ClInclude Include="GUI\GuiButton.h" />
    <ClInclude Include="GUI\GuiFlipableContainer.h" />
    <ClInclude Include="GUI\GuiManager.h" />
    <ClInclude Include="System\AllSystemsHeader.h" />
    <ClInclude Include="Component\SpriteComponent.h" />
    <ClInclude Include="Component\TextDisplayComponent.h" />
    <ClInclude Include="Component\TimerComponent.h" />
    <ClInclude Include="Component\VertexNodeComponent.h" />
    <ClInclude Include="Component\ObstacleComponent.h" />
    <ClInclude Include="Component\PlayerComponent.h" />
    <ClInclude Include="Component\HealthComponent.h" />
    <ClInclude Include="System\SystemManager.h" />
    <ClInclude Include="System\System.h" />
    <ClInclude Include="System\RenderingSpriteSystem.h" />
    <ClInclude Include="System\ObstacleSystem.h" />
    <ClInclude Include="WindowState\MenuState.h" />
    <ClInclude Include="WindowState\PauseState.h" />
    <ClInclude Include="WindowState\Game.h" />
    <ClInclude Include="WindowState\GeneralData.h" />
    <ClInclude Include="WindowState\GuiGameState.h" />
    <ClInclude Include="WindowState\State.h" />
    <ClInclude Include="WindowState\StateStack.h" />
    <ClInclude Include="StateEvent\StandardStateEvent.h" />
    <ClInclude Include="StateEvent\StateEventManager.h" />
    <ClInclude Include="Component\ScriptUpdateComponent.h" />
    <ClInclude Include="Helper\Math.h" />
    <ClInclude Include="Helper\Utility.h" />
    <ClInclude Include="Event\PrintEvent.h" />
    <ClInclude Include="System\PlayerSystem.h" />
    <ClInclude Include="Resource\ResourceHolderType.h" />
    <ClInclude Include="Resource\ResourceHolder.h" />
    <ClInclude Include="Resource\TextureStringManager.h" />
    <ClInclude Include="Helper\Constant.h" />
    <ClInclude Include="System\Camera.h" />
    <ClInclude Include="CustomBox2D\SfDebugB2Draw.h" />
    <ClInclude Include="CustomBox2D\EngineContactListener.h" />
    <ClInclude Include="System\AutoBody2dMovementSystem.h" />
    <ClInclude Include="System\AutomaticMovementSystem.h" />
    <ClInclude Include="GUI\GUIAction\BaseAction.h" />
    <ClInclude Include="Map\AStarPathFinder.h" />
    <ClInclude Include="Map\GridMap.h" />
    <ClInclude Include="Map\GridNode.h" />
    <ClInclude Include="Map\MovingNode.h" />
    <ClInclude Include="Map\ObjectsType.h" />
    <ClInclude Include="Map\TiledMapSystem.h" />
    <ClInclude Include="Component\JumpComponent.h" />
    <ClInclude Include="System\ScriptUpdateSystem.h" />
    <ClInclude Include="Event\PlayerCollidesSolidEntityEvent.h" />
    <ClInclude Include="Event\AllEventsHeader.h" />
    <ClInclude Include="System\JumpSystem.h" />
    <ClInclude Include="WindowState\WindowStateIdentifier.h" />
    <ClInclude Include="StateEvent\Command\BaseStateEventCommand.h" />
    <ClInclude Include="StateEvent\StateEventsIdentifier.h" />
    <ClInclude Include="Tile\TileSidesSensorGenerator.h" />
    <ClInclude Include="CustomBox2D\Fixture\BaseFixtureData.h" />
    <ClInclude Include="CustomBox2D\Fixture\FixtureData.h" />
    <ClInclude Include="CustomBox2D\Fixture\TileSideFixtureData.h" />
    <ClInclude Include="CustomBox2D\Fixture\PolygonFixtureData.h" />
    <ClInclude Include="Component\RealTimeInputComponent.h" />
    <ClInclude Include="System\RealTimeInputSystem.h" />
    <ClInclude Include="Event\EntityCollidesEntityEvent.h" />
    <ClInclude Include="Component\AI\ScriptAIComponent.h" />
    <ClInclude Include="Component\AI\ScriptAIState.h" />
    <ClInclude Include="Component\AI\ScriptAITransition.h" />
    <ClInclude Include="GUI\CircleBar.h" />
    <ClInclude Include="GUI\MeterBar.h" />
    <ClInclude Include="Component\InstanceComponent.h" />
    <ClInclude Include="Audio\AudioManager.h" />
    <ClInclude Include="System\ScriptAISystem.h" />
    <ClInclude Include="Component\AI\SteeringBehavior.h" />
    <ClInclude Include="System\AnimationSystem.h" />
    <ClInclude Include="GUI\OrderSpriteBar.h" />
    <ClInclude Include="WindowState\GameOverState.h" />
    <ClInclude Include="System\ThorParticleSystem.h" />
    <ClInclude Include="Component\ParticleEmitterComponent.h" />
    <ClInclude Include="Helper\RayCast.h" />
    <ClInclude Include="Component\SpaceShipComponent.h" />
    <ClInclude Include="Component\PlanetSpawnComponent.h" />
    <ClInclude Include="System\PlanetSpawnSystem.h" />
    <ClInclude Include="Event\InvasionEvent.h" />
    <ClInclude Include="Post_Effects\PostEffect.h" />
    <ClInclude Include="Post_Effects\BloomEffect.h" />
  </ItemGroup>
  <ItemGroup>
    <None Include="Shaders\Bright_Pass_FS.frag" />
    <None Include="Shaders\Blur_FS.frag" />
    <None Include="Shaders\Downsample_FS.frag" />
    <None Include="Shaders\Vert_VS.vert" />
    <None Include="Shaders\Add_FS.frag" />
  </ItemGroup>
</Project>