
Microsoft Visual Studio Solution File, Format Version 12.00
# Visual Studio 2013
VisualStudioVersion = 12.0.21005.1
MinimumVisualStudioVersion = 10.0.40219.1
Project("{5697748A-77EF-44CA-8824-4F5637E5945B}") = "ludum_dare_39IND_lua_scripts", "ludum_dare_39IND_lua_scripts.luaproj", "{E95B3779-1C4B-4628-B437-F495F01EF883}"
EndProject
Global
	GlobalSection(SolutionConfigurationPlatforms) = preSolution
		Debug|Any CPU = Debug|Any CPU
		Release|Any CPU = Release|Any CPU
	EndGlobalSection
	GlobalSection(ProjectConfigurationPlatforms) = postSolution
		{E95B3779-1C4B-4628-B437-F495F01EF883}.Debug|Any CPU.ActiveCfg = Debug|Any CPU
		{E95B3779-1C4B-4628-B437-F495F01EF883}.Debug|Any CPU.Build.0 = Debug|Any CPU
		{E95B3779-1C4B-4628-B437-F495F01EF883}.Release|Any CPU.ActiveCfg = Release|Any CPU
		{E95B3779-1C4B-4628-B437-F495F01EF883}.Release|Any CPU.Build.0 = Release|Any CPU
	EndGlobalSection
	GlobalSection(SolutionProperties) = preSolution
		HideSolutionNode = FALSE
	EndGlobalSection
EndGlobal
